// !$*UTF8*$!
{
	archiveVersion = 1;
	classes = {
	};
	objectVersion = 50;
	objects = {

/* Begin PBXBuildFile section */
		5052CFD22512302C00A1EF45 /* AppDelegate.swift in Sources */ = {isa = PBXBuildFile; fileRef = 5052CFD12512302C00A1EF45 /* AppDelegate.swift */; };
		5052CFD42512302C00A1EF45 /* SceneDelegate.swift in Sources */ = {isa = PBXBuildFile; fileRef = 5052CFD32512302C00A1EF45 /* SceneDelegate.swift */; };
		5052CFD72512302C00A1EF45 /* MaintenanceReport.xcdatamodeld in Sources */ = {isa = PBXBuildFile; fileRef = 5052CFD52512302C00A1EF45 /* MaintenanceReport.xcdatamodeld */; };
		5052CFD92512302C00A1EF45 /* ContentView.swift in Sources */ = {isa = PBXBuildFile; fileRef = 5052CFD82512302C00A1EF45 /* ContentView.swift */; };
		5052CFDB2512302D00A1EF45 /* Assets.xcassets in Resources */ = {isa = PBXBuildFile; fileRef = 5052CFDA2512302D00A1EF45 /* Assets.xcassets */; };
		5052CFDE2512302D00A1EF45 /* Preview Assets.xcassets in Resources */ = {isa = PBXBuildFile; fileRef = 5052CFDD2512302D00A1EF45 /* Preview Assets.xcassets */; };
		5052CFE12512302D00A1EF45 /* LaunchScreen.storyboard in Resources */ = {isa = PBXBuildFile; fileRef = 5052CFDF2512302D00A1EF45 /* LaunchScreen.storyboard */; };
		5052CFEE251230AF00A1EF45 /* Equipment.swift in Sources */ = {isa = PBXBuildFile; fileRef = 5052CFED251230AF00A1EF45 /* Equipment.swift */; };
		5052CFF02512324400A1EF45 /* MaintenanceType.swift in Sources */ = {isa = PBXBuildFile; fileRef = 5052CFEF2512324400A1EF45 /* MaintenanceType.swift */; };
		5052CFF2251232E200A1EF45 /* EquipmentCondition.swift in Sources */ = {isa = PBXBuildFile; fileRef = 5052CFF1251232E200A1EF45 /* EquipmentCondition.swift */; };
		5052CFF525127EE400A1EF45 /* AppView.swift in Sources */ = {isa = PBXBuildFile; fileRef = 5052CFF425127EE400A1EF45 /* AppView.swift */; };
		5052CFF725127FD000A1EF45 /* ScheduledJobs.swift in Sources */ = {isa = PBXBuildFile; fileRef = 5052CFF625127FD000A1EF45 /* ScheduledJobs.swift */; };
		5052CFF9251280CD00A1EF45 /* Settings.swift in Sources */ = {isa = PBXBuildFile; fileRef = 5052CFF8251280CD00A1EF45 /* Settings.swift */; };
/* End PBXBuildFile section */

/* Begin PBXFileReference section */
		5052CFCE2512302C00A1EF45 /* MaintenanceReport.app */ = {isa = PBXFileReference; explicitFileType = wrapper.application; includeInIndex = 0; path = MaintenanceReport.app; sourceTree = BUILT_PRODUCTS_DIR; };
		5052CFD12512302C00A1EF45 /* AppDelegate.swift */ = {isa = PBXFileReference; lastKnownFileType = sourcecode.swift; path = AppDelegate.swift; sourceTree = "<group>"; };
		5052CFD32512302C00A1EF45 /* SceneDelegate.swift */ = {isa = PBXFileReference; lastKnownFileType = sourcecode.swift; path = SceneDelegate.swift; sourceTree = "<group>"; };
		5052CFD62512302C00A1EF45 /* MaintenanceReport.xcdatamodel */ = {isa = PBXFileReference; lastKnownFileType = wrapper.xcdatamodel; path = MaintenanceReport.xcdatamodel; sourceTree = "<group>"; };
		5052CFD82512302C00A1EF45 /* ContentView.swift */ = {isa = PBXFileReference; lastKnownFileType = sourcecode.swift; path = ContentView.swift; sourceTree = "<group>"; };
		5052CFDA2512302D00A1EF45 /* Assets.xcassets */ = {isa = PBXFileReference; lastKnownFileType = folder.assetcatalog; path = Assets.xcassets; sourceTree = "<group>"; };
		5052CFDD2512302D00A1EF45 /* Preview Assets.xcassets */ = {isa = PBXFileReference; lastKnownFileType = folder.assetcatalog; path = "Preview Assets.xcassets"; sourceTree = "<group>"; };
		5052CFE02512302D00A1EF45 /* Base */ = {isa = PBXFileReference; lastKnownFileType = file.storyboard; name = Base; path = Base.lproj/LaunchScreen.storyboard; sourceTree = "<group>"; };
		5052CFE22512302D00A1EF45 /* Info.plist */ = {isa = PBXFileReference; lastKnownFileType = text.plist.xml; path = Info.plist; sourceTree = "<group>"; };
		5052CFED251230AF00A1EF45 /* Equipment.swift */ = {isa = PBXFileReference; lastKnownFileType = sourcecode.swift; path = Equipment.swift; sourceTree = "<group>"; };
		5052CFEF2512324400A1EF45 /* MaintenanceType.swift */ = {isa = PBXFileReference; lastKnownFileType = sourcecode.swift; path = MaintenanceType.swift; sourceTree = "<group>"; };
		5052CFF1251232E200A1EF45 /* EquipmentCondition.swift */ = {isa = PBXFileReference; lastKnownFileType = sourcecode.swift; path = EquipmentCondition.swift; sourceTree = "<group>"; };
		5052CFF425127EE400A1EF45 /* AppView.swift */ = {isa = PBXFileReference; lastKnownFileType = sourcecode.swift; path = AppView.swift; sourceTree = "<group>"; };
		5052CFF625127FD000A1EF45 /* ScheduledJobs.swift */ = {isa = PBXFileReference; lastKnownFileType = sourcecode.swift; path = ScheduledJobs.swift; sourceTree = "<group>"; };
		5052CFF8251280CD00A1EF45 /* Settings.swift */ = {isa = PBXFileReference; lastKnownFileType = sourcecode.swift; path = Settings.swift; sourceTree = "<group>"; };
/* End PBXFileReference section */

/* Begin PBXFrameworksBuildPhase section */
		5052CFCB2512302C00A1EF45 /* Frameworks */ = {
			isa = PBXFrameworksBuildPhase;
			buildActionMask = 2147483647;
			files = (
			);
			runOnlyForDeploymentPostprocessing = 0;
		};
/* End PBXFrameworksBuildPhase section */

/* Begin PBXGroup section */
		5052CFC52512302C00A1EF45 = {
			isa = PBXGroup;
			children = (
				5052CFD02512302C00A1EF45 /* MaintenanceReport */,
				5052CFCF2512302C00A1EF45 /* Products */,
			);
			sourceTree = "<group>";
		};
		5052CFCF2512302C00A1EF45 /* Products */ = {
			isa = PBXGroup;
			children = (
				5052CFCE2512302C00A1EF45 /* MaintenanceReport.app */,
			);
			name = Products;
			sourceTree = "<group>";
		};
		5052CFD02512302C00A1EF45 /* MaintenanceReport */ = {
			isa = PBXGroup;
			children = (
				5052CFF325127ECC00A1EF45 /* Views */,
				5052CFE82512303F00A1EF45 /* Models */,
				5052CFD12512302C00A1EF45 /* AppDelegate.swift */,
				5052CFD32512302C00A1EF45 /* SceneDelegate.swift */,
				5052CFDA2512302D00A1EF45 /* Assets.xcassets */,
				5052CFDF2512302D00A1EF45 /* LaunchScreen.storyboard */,
				5052CFE22512302D00A1EF45 /* Info.plist */,
				5052CFD52512302C00A1EF45 /* MaintenanceReport.xcdatamodeld */,
				5052CFDC2512302D00A1EF45 /* Preview Content */,
			);
			path = MaintenanceReport;
			sourceTree = "<group>";
		};
		5052CFDC2512302D00A1EF45 /* Preview Content */ = {
			isa = PBXGroup;
			children = (
				5052CFDD2512302D00A1EF45 /* Preview Assets.xcassets */,
			);
			path = "Preview Content";
			sourceTree = "<group>";
		};
		5052CFE82512303F00A1EF45 /* Models */ = {
			isa = PBXGroup;
			children = (
				5052CFED251230AF00A1EF45 /* Equipment.swift */,
				5052CFEF2512324400A1EF45 /* MaintenanceType.swift */,
				5052CFF1251232E200A1EF45 /* EquipmentCondition.swift */,
			);
			path = Models;
			sourceTree = "<group>";
		};
		5052CFF325127ECC00A1EF45 /* Views */ = {
			isa = PBXGroup;
			children = (
				5052CFD82512302C00A1EF45 /* ContentView.swift */,
				5052CFF425127EE400A1EF45 /* AppView.swift */,
				5052CFF625127FD000A1EF45 /* ScheduledJobs.swift */,
				5052CFF8251280CD00A1EF45 /* Settings.swift */,
			);
			path = Views;
			sourceTree = "<group>";
		};
/* End PBXGroup section */

/* Begin PBXNativeTarget section */
		5052CFCD2512302C00A1EF45 /* MaintenanceReport */ = {
			isa = PBXNativeTarget;
			buildConfigurationList = 5052CFE52512302D00A1EF45 /* Build configuration list for PBXNativeTarget "MaintenanceReport" */;
			buildPhases = (
				5052CFCA2512302C00A1EF45 /* Sources */,
				5052CFCB2512302C00A1EF45 /* Frameworks */,
				5052CFCC2512302C00A1EF45 /* Resources */,
			);
			buildRules = (
			);
			dependencies = (
			);
			name = MaintenanceReport;
			productName = MaintenanceReport;
			productReference = 5052CFCE2512302C00A1EF45 /* MaintenanceReport.app */;
			productType = "com.apple.product-type.application";
		};
/* End PBXNativeTarget section */

/* Begin PBXProject section */
		5052CFC62512302C00A1EF45 /* Project object */ = {
			isa = PBXProject;
			attributes = {
				LastSwiftUpdateCheck = 1160;
				LastUpgradeCheck = 1160;
				ORGANIZATIONNAME = "Everton Carneiro";
				TargetAttributes = {
					5052CFCD2512302C00A1EF45 = {
						CreatedOnToolsVersion = 11.6;
					};
				};
			};
			buildConfigurationList = 5052CFC92512302C00A1EF45 /* Build configuration list for PBXProject "MaintenanceReport" */;
			compatibilityVersion = "Xcode 9.3";
			developmentRegion = en;
			hasScannedForEncodings = 0;
			knownRegions = (
				en,
				Base,
			);
			mainGroup = 5052CFC52512302C00A1EF45;
			productRefGroup = 5052CFCF2512302C00A1EF45 /* Products */;
			projectDirPath = "";
			projectRoot = "";
			targets = (
				5052CFCD2512302C00A1EF45 /* MaintenanceReport */,
			);
		};
/* End PBXProject section */

/* Begin PBXResourcesBuildPhase section */
		5052CFCC2512302C00A1EF45 /* Resources */ = {
			isa = PBXResourcesBuildPhase;
			buildActionMask = 2147483647;
			files = (
				5052CFE12512302D00A1EF45 /* LaunchScreen.storyboard in Resources */,
				5052CFDE2512302D00A1EF45 /* Preview Assets.xcassets in Resources */,
				5052CFDB2512302D00A1EF45 /* Assets.xcassets in Resources */,
			);
			runOnlyForDeploymentPostprocessing = 0;
		};
/* End PBXResourcesBuildPhase section */

/* Begin PBXSourcesBuildPhase section */
		5052CFCA2512302C00A1EF45 /* Sources */ = {
			isa = PBXSourcesBuildPhase;
			buildActionMask = 2147483647;
			files = (
				5052CFD22512302C00A1EF45 /* AppDelegate.swift in Sources */,
				5052CFD72512302C00A1EF45 /* MaintenanceReport.xcdatamodeld in Sources */,
				5052CFD92512302C00A1EF45 /* ContentView.swift in Sources */,
				5052CFF725127FD000A1EF45 /* ScheduledJobs.swift in Sources */,
				5052CFF9251280CD00A1EF45 /* Settings.swift in Sources */,
				5052CFF02512324400A1EF45 /* MaintenanceType.swift in Sources */,
				5052CFF525127EE400A1EF45 /* AppView.swift in Sources */,
				5052CFD42512302C00A1EF45 /* SceneDelegate.swift in Sources */,
				5052CFEE251230AF00A1EF45 /* Equipment.swift in Sources */,
				5052CFF2251232E200A1EF45 /* EquipmentCondition.swift in Sources */,
			);
			runOnlyForDeploymentPostprocessing = 0;
		};
/* End PBXSourcesBuildPhase section */

/* Begin PBXVariantGroup section */
		5052CFDF2512302D00A1EF45 /* LaunchScreen.storyboard */ = {
			isa = PBXVariantGroup;
			children = (
				5052CFE02512302D00A1EF45 /* Base */,
			);
			name = LaunchScreen.storyboard;
			sourceTree = "<group>";
		};
/* End PBXVariantGroup section */

/* Begin XCBuildConfiguration section */
		5052CFE32512302D00A1EF45 /* Debug */ = {
			isa = XCBuildConfiguration;
			buildSettings = {
				ALWAYS_SEARCH_USER_PATHS = NO;
				CLANG_ANALYZER_NONNULL = YES;
				CLANG_ANALYZER_NUMBER_OBJECT_CONVERSION = YES_AGGRESSIVE;
				CLANG_CXX_LANGUAGE_STANDARD = "gnu++14";
				CLANG_CXX_LIBRARY = "libc++";
				CLANG_ENABLE_MODULES = YES;
				CLANG_ENABLE_OBJC_ARC = YES;
				CLANG_ENABLE_OBJC_WEAK = YES;
				CLANG_WARN_BLOCK_CAPTURE_AUTORELEASING = YES;
				CLANG_WARN_BOOL_CONVERSION = YES;
				CLANG_WARN_COMMA = YES;
				CLANG_WARN_CONSTANT_CONVERSION = YES;
				CLANG_WARN_DEPRECATED_OBJC_IMPLEMENTATIONS = YES;
				CLANG_WARN_DIRECT_OBJC_ISA_USAGE = YES_ERROR;
				CLANG_WARN_DOCUMENTATION_COMMENTS = YES;
				CLANG_WARN_EMPTY_BODY = YES;
				CLANG_WARN_ENUM_CONVERSION = YES;
				CLANG_WARN_INFINITE_RECURSION = YES;
				CLANG_WARN_INT_CONVERSION = YES;
				CLANG_WARN_NON_LITERAL_NULL_CONVERSION = YES;
				CLANG_WARN_OBJC_IMPLICIT_RETAIN_SELF = YES;
				CLANG_WARN_OBJC_LITERAL_CONVERSION = YES;
				CLANG_WARN_OBJC_ROOT_CLASS = YES_ERROR;
				CLANG_WARN_RANGE_LOOP_ANALYSIS = YES;
				CLANG_WARN_STRICT_PROTOTYPES = YES;
				CLANG_WARN_SUSPICIOUS_MOVE = YES;
				CLANG_WARN_UNGUARDED_AVAILABILITY = YES_AGGRESSIVE;
				CLANG_WARN_UNREACHABLE_CODE = YES;
				CLANG_WARN__DUPLICATE_METHOD_MATCH = YES;
				COPY_PHASE_STRIP = NO;
				DEBUG_INFORMATION_FORMAT = dwarf;
				ENABLE_STRICT_OBJC_MSGSEND = YES;
				ENABLE_TESTABILITY = YES;
				GCC_C_LANGUAGE_STANDARD = gnu11;
				GCC_DYNAMIC_NO_PIC = NO;
				GCC_NO_COMMON_BLOCKS = YES;
				GCC_OPTIMIZATION_LEVEL = 0;
				GCC_PREPROCESSOR_DEFINITIONS = (
					"DEBUG=1",
					"$(inherited)",
				);
				GCC_WARN_64_TO_32_BIT_CONVERSION = YES;
				GCC_WARN_ABOUT_RETURN_TYPE = YES_ERROR;
				GCC_WARN_UNDECLARED_SELECTOR = YES;
				GCC_WARN_UNINITIALIZED_AUTOS = YES_AGGRESSIVE;
				GCC_WARN_UNUSED_FUNCTION = YES;
				GCC_WARN_UNUSED_VARIABLE = YES;
				IPHONEOS_DEPLOYMENT_TARGET = 13.6;
				MTL_ENABLE_DEBUG_INFO = INCLUDE_SOURCE;
				MTL_FAST_MATH = YES;
				ONLY_ACTIVE_ARCH = YES;
				SDKROOT = iphoneos;
				SWIFT_ACTIVE_COMPILATION_CONDITIONS = DEBUG;
				SWIFT_OPTIMIZATION_LEVEL = "-Onone";
			};
			name = Debug;
		};
		5052CFE42512302D00A1EF45 /* Release */ = {
			isa = XCBuildConfiguration;
			buildSettings = {
				ALWAYS_SEARCH_USER_PATHS = NO;
				CLANG_ANALYZER_NONNULL = YES;
				CLANG_ANALYZER_NUMBER_OBJECT_CONVERSION = YES_AGGRESSIVE;
				CLANG_CXX_LANGUAGE_STANDARD = "gnu++14";
				CLANG_CXX_LIBRARY = "libc++";
				CLANG_ENABLE_MODULES = YES;
				CLANG_ENABLE_OBJC_ARC = YES;
				CLANG_ENABLE_OBJC_WEAK = YES;
				CLANG_WARN_BLOCK_CAPTURE_AUTORELEASING = YES;
				CLANG_WARN_BOOL_CONVERSION = YES;
				CLANG_WARN_COMMA = YES;
				CLANG_WARN_CONSTANT_CONVERSION = YES;
				CLANG_WARN_DEPRECATED_OBJC_IMPLEMENTATIONS = YES;
				CLANG_WARN_DIRECT_OBJC_ISA_USAGE = YES_ERROR;
				CLANG_WARN_DOCUMENTATION_COMMENTS = YES;
				CLANG_WARN_EMPTY_BODY = YES;
				CLANG_WARN_ENUM_CONVERSION = YES;
				CLANG_WARN_INFINITE_RECURSION = YES;
				CLANG_WARN_INT_CONVERSION = YES;
				CLANG_WARN_NON_LITERAL_NULL_CONVERSION = YES;
				CLANG_WARN_OBJC_IMPLICIT_RETAIN_SELF = YES;
				CLANG_WARN_OBJC_LITERAL_CONVERSION = YES;
				CLANG_WARN_OBJC_ROOT_CLASS = YES_ERROR;
				CLANG_WARN_RANGE_LOOP_ANALYSIS = YES;
				CLANG_WARN_STRICT_PROTOTYPES = YES;
				CLANG_WARN_SUSPICIOUS_MOVE = YES;
				CLANG_WARN_UNGUARDED_AVAILABILITY = YES_AGGRESSIVE;
				CLANG_WARN_UNREACHABLE_CODE = YES;
				CLANG_WARN__DUPLICATE_METHOD_MATCH = YES;
				COPY_PHASE_STRIP = NO;
				DEBUG_INFORMATION_FORMAT = "dwarf-with-dsym";
				ENABLE_NS_ASSERTIONS = NO;
				ENABLE_STRICT_OBJC_MSGSEND = YES;
				GCC_C_LANGUAGE_STANDARD = gnu11;
				GCC_NO_COMMON_BLOCKS = YES;
				GCC_WARN_64_TO_32_BIT_CONVERSION = YES;
				GCC_WARN_ABOUT_RETURN_TYPE = YES_ERROR;
				GCC_WARN_UNDECLARED_SELECTOR = YES;
				GCC_WARN_UNINITIALIZED_AUTOS = YES_AGGRESSIVE;
				GCC_WARN_UNUSED_FUNCTION = YES;
				GCC_WARN_UNUSED_VARIABLE = YES;
				IPHONEOS_DEPLOYMENT_TARGET = 13.6;
				MTL_ENABLE_DEBUG_INFO = NO;
				MTL_FAST_MATH = YES;
				SDKROOT = iphoneos;
				SWIFT_COMPILATION_MODE = wholemodule;
				SWIFT_OPTIMIZATION_LEVEL = "-O";
				VALIDATE_PRODUCT = YES;
			};
			name = Release;
		};
		5052CFE62512302D00A1EF45 /* Debug */ = {
			isa = XCBuildConfiguration;
			buildSettings = {
				ASSETCATALOG_COMPILER_APPICON_NAME = AppIcon;
				CODE_SIGN_STYLE = Automatic;
				DEVELOPMENT_ASSET_PATHS = "\"MaintenanceReport/Preview Content\"";
				DEVELOPMENT_TEAM = TK5Y26D53T;
				ENABLE_PREVIEWS = YES;
				INFOPLIST_FILE = MaintenanceReport/Info.plist;
				LD_RUNPATH_SEARCH_PATHS = (
					"$(inherited)",
					"@executable_path/Frameworks",
				);
				PRODUCT_BUNDLE_IDENTIFIER = EvertonCarneiro.MaintenanceReport;
				PRODUCT_NAME = "$(TARGET_NAME)";
				SWIFT_VERSION = 5.0;
				TARGETED_DEVICE_FAMILY = "1,2";
			};
			name = Debug;
		};
		5052CFE72512302D00A1EF45 /* Release */ = {
			isa = XCBuildConfiguration;
			buildSettings = {
				ASSETCATALOG_COMPILER_APPICON_NAME = AppIcon;
				CODE_SIGN_STYLE = Automatic;
				DEVELOPMENT_ASSET_PATHS = "\"MaintenanceReport/Preview Content\"";
				DEVELOPMENT_TEAM = TK5Y26D53T;
				ENABLE_PREVIEWS = YES;
				INFOPLIST_FILE = MaintenanceReport/Info.plist;
				LD_RUNPATH_SEARCH_PATHS = (
					"$(inherited)",
					"@executable_path/Frameworks",
				);
				PRODUCT_BUNDLE_IDENTIFIER = EvertonCarneiro.MaintenanceReport;
				PRODUCT_NAME = "$(TARGET_NAME)";
				SWIFT_VERSION = 5.0;
				TARGETED_DEVICE_FAMILY = "1,2";
			};
			name = Release;
		};
/* End XCBuildConfiguration section */

/* Begin XCConfigurationList section */
		5052CFC92512302C00A1EF45 /* Build configuration list for PBXProject "MaintenanceReport" */ = {
			isa = XCConfigurationList;
			buildConfigurations = (
				5052CFE32512302D00A1EF45 /* Debug */,
				5052CFE42512302D00A1EF45 /* Release */,
			);
			defaultConfigurationIsVisible = 0;
			defaultConfigurationName = Release;
		};
		5052CFE52512302D00A1EF45 /* Build configuration list for PBXNativeTarget "MaintenanceReport" */ = {
			isa = XCConfigurationList;
			buildConfigurations = (
				5052CFE62512302D00A1EF45 /* Debug */,
				5052CFE72512302D00A1EF45 /* Release */,
			);
			defaultConfigurationIsVisible = 0;
			defaultConfigurationName = Release;
		};
/* End XCConfigurationList section */

/* Begin XCVersionGroup section */
		5052CFD52512302C00A1EF45 /* MaintenanceReport.xcdatamodeld */ = {
			isa = XCVersionGroup;
			children = (
				5052CFD62512302C00A1EF45 /* MaintenanceReport.xcdatamodel */,
			);
			currentVersion = 5052CFD62512302C00A1EF45 /* MaintenanceReport.xcdatamodel */;
			path = MaintenanceReport.xcdatamodeld;
			sourceTree = "<group>";
			versionGroupType = wrapper.xcdatamodel;
		};
/* End XCVersionGroup section */
	};
	rootObject = 5052CFC62512302C00A1EF45 /* Project object */;
}
